// !$*UTF8*$!
{
	archiveVersion = 1;
	classes = {
	};
	objectVersion = 50;
	objects = {

/* Begin PBXBuildFile section */
		DEE1442624A2258300F8B15A /* EphemhelpApp.swift in Sources */ = {isa = PBXBuildFile; fileRef = DEE1442524A2258300F8B15A /* EphemhelpApp.swift */; };
		DEE1442824A2258300F8B15A /* ContentView.swift in Sources */ = {isa = PBXBuildFile; fileRef = DEE1442724A2258300F8B15A /* ContentView.swift */; };
		DEE1442A24A2258400F8B15A /* Assets.xcassets in Resources */ = {isa = PBXBuildFile; fileRef = DEE1442924A2258400F8B15A /* Assets.xcassets */; };
		DEE1442D24A2258400F8B15A /* Preview Assets.xcassets in Resources */ = {isa = PBXBuildFile; fileRef = DEE1442C24A2258400F8B15A /* Preview Assets.xcassets */; };
		DEE1443824A2258400F8B15A /* EphemhelpTests.swift in Sources */ = {isa = PBXBuildFile; fileRef = DEE1443724A2258400F8B15A /* EphemhelpTests.swift */; };
		DEE1444324A2258400F8B15A /* EphemhelpUITests.swift in Sources */ = {isa = PBXBuildFile; fileRef = DEE1444224A2258400F8B15A /* EphemhelpUITests.swift */; };
		DEE1445224A22F7500F8B15A /* Configuration.storekit in Resources */ = {isa = PBXBuildFile; fileRef = DEE1445124A22AB900F8B15A /* Configuration.storekit */; };
		DEE1445424A22FD800F8B15A /* QuestionView.swift in Sources */ = {isa = PBXBuildFile; fileRef = DEE1445324A22FD800F8B15A /* QuestionView.swift */; };
		DEE1445624A23A8500F8B15A /* Question.swift in Sources */ = {isa = PBXBuildFile; fileRef = DEE1445524A23A8500F8B15A /* Question.swift */; };
		DEE1445924A247FA00F8B15A /* User.swift in Sources */ = {isa = PBXBuildFile; fileRef = DEE1445824A247FA00F8B15A /* User.swift */; };
		DEE1445B24A24B2E00F8B15A /* UserProfileView.swift in Sources */ = {isa = PBXBuildFile; fileRef = DEE1445A24A24B2E00F8B15A /* UserProfileView.swift */; };
/* End PBXBuildFile section */

/* Begin PBXContainerItemProxy section */
		DEE1443424A2258400F8B15A /* PBXContainerItemProxy */ = {
			isa = PBXContainerItemProxy;
			containerPortal = DEE1441A24A2258300F8B15A /* Project object */;
			proxyType = 1;
			remoteGlobalIDString = DEE1442124A2258300F8B15A;
			remoteInfo = Ephemhelp;
		};
		DEE1443F24A2258400F8B15A /* PBXContainerItemProxy */ = {
			isa = PBXContainerItemProxy;
			containerPortal = DEE1441A24A2258300F8B15A /* Project object */;
			proxyType = 1;
			remoteGlobalIDString = DEE1442124A2258300F8B15A;
			remoteInfo = Ephemhelp;
		};
/* End PBXContainerItemProxy section */

/* Begin PBXFileReference section */
		DEE1442224A2258300F8B15A /* Ephemhelp.app */ = {isa = PBXFileReference; explicitFileType = wrapper.application; includeInIndex = 0; path = Ephemhelp.app; sourceTree = BUILT_PRODUCTS_DIR; };
		DEE1442524A2258300F8B15A /* EphemhelpApp.swift */ = {isa = PBXFileReference; lastKnownFileType = sourcecode.swift; path = EphemhelpApp.swift; sourceTree = "<group>"; };
		DEE1442724A2258300F8B15A /* ContentView.swift */ = {isa = PBXFileReference; lastKnownFileType = sourcecode.swift; path = ContentView.swift; sourceTree = "<group>"; };
		DEE1442924A2258400F8B15A /* Assets.xcassets */ = {isa = PBXFileReference; lastKnownFileType = folder.assetcatalog; path = Assets.xcassets; sourceTree = "<group>"; };
		DEE1442C24A2258400F8B15A /* Preview Assets.xcassets */ = {isa = PBXFileReference; lastKnownFileType = folder.assetcatalog; path = "Preview Assets.xcassets"; sourceTree = "<group>"; };
		DEE1442E24A2258400F8B15A /* Info.plist */ = {isa = PBXFileReference; lastKnownFileType = text.plist.xml; path = Info.plist; sourceTree = "<group>"; };
		DEE1443324A2258400F8B15A /* EphemhelpTests.xctest */ = {isa = PBXFileReference; explicitFileType = wrapper.cfbundle; includeInIndex = 0; path = EphemhelpTests.xctest; sourceTree = BUILT_PRODUCTS_DIR; };
		DEE1443724A2258400F8B15A /* EphemhelpTests.swift */ = {isa = PBXFileReference; lastKnownFileType = sourcecode.swift; path = EphemhelpTests.swift; sourceTree = "<group>"; };
		DEE1443924A2258400F8B15A /* Info.plist */ = {isa = PBXFileReference; lastKnownFileType = text.plist.xml; path = Info.plist; sourceTree = "<group>"; };
		DEE1443E24A2258400F8B15A /* EphemhelpUITests.xctest */ = {isa = PBXFileReference; explicitFileType = wrapper.cfbundle; includeInIndex = 0; path = EphemhelpUITests.xctest; sourceTree = BUILT_PRODUCTS_DIR; };
		DEE1444224A2258400F8B15A /* EphemhelpUITests.swift */ = {isa = PBXFileReference; lastKnownFileType = sourcecode.swift; path = EphemhelpUITests.swift; sourceTree = "<group>"; };
		DEE1444424A2258400F8B15A /* Info.plist */ = {isa = PBXFileReference; lastKnownFileType = text.plist.xml; path = Info.plist; sourceTree = "<group>"; };
		DEE1445024A225A000F8B15A /* Ephemhelp.entitlements */ = {isa = PBXFileReference; lastKnownFileType = text.plist.entitlements; path = Ephemhelp.entitlements; sourceTree = "<group>"; };
		DEE1445124A22AB900F8B15A /* Configuration.storekit */ = {isa = PBXFileReference; lastKnownFileType = text; path = Configuration.storekit; sourceTree = "<group>"; };
		DEE1445324A22FD800F8B15A /* QuestionView.swift */ = {isa = PBXFileReference; lastKnownFileType = sourcecode.swift; path = QuestionView.swift; sourceTree = "<group>"; };
		DEE1445524A23A8500F8B15A /* Question.swift */ = {isa = PBXFileReference; lastKnownFileType = sourcecode.swift; path = Question.swift; sourceTree = "<group>"; };
		DEE1445824A247FA00F8B15A /* User.swift */ = {isa = PBXFileReference; lastKnownFileType = sourcecode.swift; path = User.swift; sourceTree = "<group>"; };
		DEE1445A24A24B2E00F8B15A /* UserProfileView.swift */ = {isa = PBXFileReference; lastKnownFileType = sourcecode.swift; path = UserProfileView.swift; sourceTree = "<group>"; };
/* End PBXFileReference section */

/* Begin PBXFrameworksBuildPhase section */
		DEE1441F24A2258300F8B15A /* Frameworks */ = {
			isa = PBXFrameworksBuildPhase;
			buildActionMask = 2147483647;
			files = (
			);
			runOnlyForDeploymentPostprocessing = 0;
		};
		DEE1443024A2258400F8B15A /* Frameworks */ = {
			isa = PBXFrameworksBuildPhase;
			buildActionMask = 2147483647;
			files = (
			);
			runOnlyForDeploymentPostprocessing = 0;
		};
		DEE1443B24A2258400F8B15A /* Frameworks */ = {
			isa = PBXFrameworksBuildPhase;
			buildActionMask = 2147483647;
			files = (
			);
			runOnlyForDeploymentPostprocessing = 0;
		};
/* End PBXFrameworksBuildPhase section */

/* Begin PBXGroup section */
		DEE1441924A2258300F8B15A = {
			isa = PBXGroup;
			children = (
				DEE1442424A2258300F8B15A /* Ephemhelp */,
				DEE1443624A2258400F8B15A /* EphemhelpTests */,
				DEE1444124A2258400F8B15A /* EphemhelpUITests */,
				DEE1442324A2258300F8B15A /* Products */,
			);
			sourceTree = "<group>";
		};
		DEE1442324A2258300F8B15A /* Products */ = {
			isa = PBXGroup;
			children = (
				DEE1442224A2258300F8B15A /* Ephemhelp.app */,
				DEE1443324A2258400F8B15A /* EphemhelpTests.xctest */,
				DEE1443E24A2258400F8B15A /* EphemhelpUITests.xctest */,
			);
			name = Products;
			sourceTree = "<group>";
		};
		DEE1442424A2258300F8B15A /* Ephemhelp */ = {
			isa = PBXGroup;
			children = (
				DEE1445024A225A000F8B15A /* Ephemhelp.entitlements */,
				DEE1442524A2258300F8B15A /* EphemhelpApp.swift */,
				DEE1445724A23A8A00F8B15A /* Model */,
				DEE1445C24A24B5700F8B15A /* Views */,
				DEE1442924A2258400F8B15A /* Assets.xcassets */,
				DEE1442E24A2258400F8B15A /* Info.plist */,
				DEE1442B24A2258400F8B15A /* Preview Content */,
				DEE1445124A22AB900F8B15A /* Configuration.storekit */,
			);
			path = Ephemhelp;
			sourceTree = "<group>";
		};
		DEE1442B24A2258400F8B15A /* Preview Content */ = {
			isa = PBXGroup;
			children = (
				DEE1442C24A2258400F8B15A /* Preview Assets.xcassets */,
			);
			path = "Preview Content";
			sourceTree = "<group>";
		};
		DEE1443624A2258400F8B15A /* EphemhelpTests */ = {
			isa = PBXGroup;
			children = (
				DEE1443724A2258400F8B15A /* EphemhelpTests.swift */,
				DEE1443924A2258400F8B15A /* Info.plist */,
			);
			path = EphemhelpTests;
			sourceTree = "<group>";
		};
		DEE1444124A2258400F8B15A /* EphemhelpUITests */ = {
			isa = PBXGroup;
			children = (
				DEE1444224A2258400F8B15A /* EphemhelpUITests.swift */,
				DEE1444424A2258400F8B15A /* Info.plist */,
			);
			path = EphemhelpUITests;
			sourceTree = "<group>";
		};
		DEE1445724A23A8A00F8B15A /* Model */ = {
			isa = PBXGroup;
			children = (
				DEE1445524A23A8500F8B15A /* Question.swift */,
				DEE1445824A247FA00F8B15A /* User.swift */,
			);
			path = Model;
			sourceTree = "<group>";
		};
		DEE1445C24A24B5700F8B15A /* Views */ = {
			isa = PBXGroup;
			children = (
				DEE1442724A2258300F8B15A /* ContentView.swift */,
				DEE1445324A22FD800F8B15A /* QuestionView.swift */,
				DEE1445A24A24B2E00F8B15A /* UserProfileView.swift */,
			);
			path = Views;
			sourceTree = "<group>";
		};
/* End PBXGroup section */

/* Begin PBXNativeTarget section */
		DEE1442124A2258300F8B15A /* Ephemhelp */ = {
			isa = PBXNativeTarget;
			buildConfigurationList = DEE1444724A2258400F8B15A /* Build configuration list for PBXNativeTarget "Ephemhelp" */;
			buildPhases = (
				DEE1441E24A2258300F8B15A /* Sources */,
				DEE1441F24A2258300F8B15A /* Frameworks */,
				DEE1442024A2258300F8B15A /* Resources */,
			);
			buildRules = (
			);
			dependencies = (
			);
			name = Ephemhelp;
			productName = Ephemhelp;
			productReference = DEE1442224A2258300F8B15A /* Ephemhelp.app */;
			productType = "com.apple.product-type.application";
		};
		DEE1443224A2258400F8B15A /* EphemhelpTests */ = {
			isa = PBXNativeTarget;
			buildConfigurationList = DEE1444A24A2258400F8B15A /* Build configuration list for PBXNativeTarget "EphemhelpTests" */;
			buildPhases = (
				DEE1442F24A2258400F8B15A /* Sources */,
				DEE1443024A2258400F8B15A /* Frameworks */,
				DEE1443124A2258400F8B15A /* Resources */,
			);
			buildRules = (
			);
			dependencies = (
				DEE1443524A2258400F8B15A /* PBXTargetDependency */,
			);
			name = EphemhelpTests;
			productName = EphemhelpTests;
			productReference = DEE1443324A2258400F8B15A /* EphemhelpTests.xctest */;
			productType = "com.apple.product-type.bundle.unit-test";
		};
		DEE1443D24A2258400F8B15A /* EphemhelpUITests */ = {
			isa = PBXNativeTarget;
			buildConfigurationList = DEE1444D24A2258400F8B15A /* Build configuration list for PBXNativeTarget "EphemhelpUITests" */;
			buildPhases = (
				DEE1443A24A2258400F8B15A /* Sources */,
				DEE1443B24A2258400F8B15A /* Frameworks */,
				DEE1443C24A2258400F8B15A /* Resources */,
			);
			buildRules = (
			);
			dependencies = (
				DEE1444024A2258400F8B15A /* PBXTargetDependency */,
			);
			name = EphemhelpUITests;
			productName = EphemhelpUITests;
			productReference = DEE1443E24A2258400F8B15A /* EphemhelpUITests.xctest */;
			productType = "com.apple.product-type.bundle.ui-testing";
		};
/* End PBXNativeTarget section */

/* Begin PBXProject section */
		DEE1441A24A2258300F8B15A /* Project object */ = {
			isa = PBXProject;
			attributes = {
				LastSwiftUpdateCheck = 1200;
				LastUpgradeCheck = 1200;
				TargetAttributes = {
					DEE1442124A2258300F8B15A = {
						CreatedOnToolsVersion = 12.0;
					};
					DEE1443224A2258400F8B15A = {
						CreatedOnToolsVersion = 12.0;
						TestTargetID = DEE1442124A2258300F8B15A;
					};
					DEE1443D24A2258400F8B15A = {
						CreatedOnToolsVersion = 12.0;
						TestTargetID = DEE1442124A2258300F8B15A;
					};
				};
			};
			buildConfigurationList = DEE1441D24A2258300F8B15A /* Build configuration list for PBXProject "Ephemhelp" */;
			compatibilityVersion = "Xcode 9.3";
			developmentRegion = en;
			hasScannedForEncodings = 0;
			knownRegions = (
				en,
				Base,
			);
			mainGroup = DEE1441924A2258300F8B15A;
			productRefGroup = DEE1442324A2258300F8B15A /* Products */;
			projectDirPath = "";
			projectRoot = "";
			targets = (
				DEE1442124A2258300F8B15A /* Ephemhelp */,
				DEE1443224A2258400F8B15A /* EphemhelpTests */,
				DEE1443D24A2258400F8B15A /* EphemhelpUITests */,
			);
		};
/* End PBXProject section */

/* Begin PBXResourcesBuildPhase section */
		DEE1442024A2258300F8B15A /* Resources */ = {
			isa = PBXResourcesBuildPhase;
			buildActionMask = 2147483647;
			files = (
				DEE1442D24A2258400F8B15A /* Preview Assets.xcassets in Resources */,
				DEE1445224A22F7500F8B15A /* Configuration.storekit in Resources */,
				DEE1442A24A2258400F8B15A /* Assets.xcassets in Resources */,
			);
			runOnlyForDeploymentPostprocessing = 0;
		};
		DEE1443124A2258400F8B15A /* Resources */ = {
			isa = PBXResourcesBuildPhase;
			buildActionMask = 2147483647;
			files = (
			);
			runOnlyForDeploymentPostprocessing = 0;
		};
		DEE1443C24A2258400F8B15A /* Resources */ = {
			isa = PBXResourcesBuildPhase;
			buildActionMask = 2147483647;
			files = (
			);
			runOnlyForDeploymentPostprocessing = 0;
		};
/* End PBXResourcesBuildPhase section */

/* Begin PBXSourcesBuildPhase section */
		DEE1441E24A2258300F8B15A /* Sources */ = {
			isa = PBXSourcesBuildPhase;
			buildActionMask = 2147483647;
			files = (
				DEE1442824A2258300F8B15A /* ContentView.swift in Sources */,
				DEE1445B24A24B2E00F8B15A /* UserProfileView.swift in Sources */,
				DEE1445624A23A8500F8B15A /* Question.swift in Sources */,
				DEE1445424A22FD800F8B15A /* QuestionView.swift in Sources */,
				DEE1445924A247FA00F8B15A /* User.swift in Sources */,
				DEE1442624A2258300F8B15A /* EphemhelpApp.swift in Sources */,
			);
			runOnlyForDeploymentPostprocessing = 0;
		};
		DEE1442F24A2258400F8B15A /* Sources */ = {
			isa = PBXSourcesBuildPhase;
			buildActionMask = 2147483647;
			files = (
				DEE1443824A2258400F8B15A /* EphemhelpTests.swift in Sources */,
			);
			runOnlyForDeploymentPostprocessing = 0;
		};
		DEE1443A24A2258400F8B15A /* Sources */ = {
			isa = PBXSourcesBuildPhase;
			buildActionMask = 2147483647;
			files = (
				DEE1444324A2258400F8B15A /* EphemhelpUITests.swift in Sources */,
			);
			runOnlyForDeploymentPostprocessing = 0;
		};
/* End PBXSourcesBuildPhase section */

/* Begin PBXTargetDependency section */
		DEE1443524A2258400F8B15A /* PBXTargetDependency */ = {
			isa = PBXTargetDependency;
			target = DEE1442124A2258300F8B15A /* Ephemhelp */;
			targetProxy = DEE1443424A2258400F8B15A /* PBXContainerItemProxy */;
		};
		DEE1444024A2258400F8B15A /* PBXTargetDependency */ = {
			isa = PBXTargetDependency;
			target = DEE1442124A2258300F8B15A /* Ephemhelp */;
			targetProxy = DEE1443F24A2258400F8B15A /* PBXContainerItemProxy */;
		};
/* End PBXTargetDependency section */

/* Begin XCBuildConfiguration section */
		DEE1444524A2258400F8B15A /* Debug */ = {
			isa = XCBuildConfiguration;
			buildSettings = {
				ALWAYS_SEARCH_USER_PATHS = NO;
				CLANG_ANALYZER_NONNULL = YES;
				CLANG_ANALYZER_NUMBER_OBJECT_CONVERSION = YES_AGGRESSIVE;
				CLANG_CXX_LANGUAGE_STANDARD = "gnu++14";
				CLANG_CXX_LIBRARY = "libc++";
				CLANG_ENABLE_MODULES = YES;
				CLANG_ENABLE_OBJC_ARC = YES;
				CLANG_ENABLE_OBJC_WEAK = YES;
				CLANG_WARN_BLOCK_CAPTURE_AUTORELEASING = YES;
				CLANG_WARN_BOOL_CONVERSION = YES;
				CLANG_WARN_COMMA = YES;
				CLANG_WARN_CONSTANT_CONVERSION = YES;
				CLANG_WARN_DEPRECATED_OBJC_IMPLEMENTATIONS = YES;
				CLANG_WARN_DIRECT_OBJC_ISA_USAGE = YES_ERROR;
				CLANG_WARN_DOCUMENTATION_COMMENTS = YES;
				CLANG_WARN_EMPTY_BODY = YES;
				CLANG_WARN_ENUM_CONVERSION = YES;
				CLANG_WARN_INFINITE_RECURSION = YES;
				CLANG_WARN_INT_CONVERSION = YES;
				CLANG_WARN_NON_LITERAL_NULL_CONVERSION = YES;
				CLANG_WARN_OBJC_IMPLICIT_RETAIN_SELF = YES;
				CLANG_WARN_OBJC_LITERAL_CONVERSION = YES;
				CLANG_WARN_OBJC_ROOT_CLASS = YES_ERROR;
				CLANG_WARN_QUOTED_INCLUDE_IN_FRAMEWORK_HEADER = YES;
				CLANG_WARN_RANGE_LOOP_ANALYSIS = YES;
				CLANG_WARN_STRICT_PROTOTYPES = YES;
				CLANG_WARN_SUSPICIOUS_MOVE = YES;
				CLANG_WARN_UNGUARDED_AVAILABILITY = YES_AGGRESSIVE;
				CLANG_WARN_UNREACHABLE_CODE = YES;
				CLANG_WARN__DUPLICATE_METHOD_MATCH = YES;
				COPY_PHASE_STRIP = NO;
				DEBUG_INFORMATION_FORMAT = dwarf;
				ENABLE_STRICT_OBJC_MSGSEND = YES;
				ENABLE_TESTABILITY = YES;
				GCC_C_LANGUAGE_STANDARD = gnu11;
				GCC_DYNAMIC_NO_PIC = NO;
				GCC_NO_COMMON_BLOCKS = YES;
				GCC_OPTIMIZATION_LEVEL = 0;
				GCC_PREPROCESSOR_DEFINITIONS = (
					"DEBUG=1",
					"$(inherited)",
				);
				GCC_WARN_64_TO_32_BIT_CONVERSION = YES;
				GCC_WARN_ABOUT_RETURN_TYPE = YES_ERROR;
				GCC_WARN_UNDECLARED_SELECTOR = YES;
				GCC_WARN_UNINITIALIZED_AUTOS = YES_AGGRESSIVE;
				GCC_WARN_UNUSED_FUNCTION = YES;
				GCC_WARN_UNUSED_VARIABLE = YES;
				IPHONEOS_DEPLOYMENT_TARGET = 14.0;
				MTL_ENABLE_DEBUG_INFO = INCLUDE_SOURCE;
				MTL_FAST_MATH = YES;
				ONLY_ACTIVE_ARCH = YES;
				SDKROOT = iphoneos;
				SWIFT_ACTIVE_COMPILATION_CONDITIONS = DEBUG;
				SWIFT_OPTIMIZATION_LEVEL = "-Onone";
			};
			name = Debug;
		};
		DEE1444624A2258400F8B15A /* Release */ = {
			isa = XCBuildConfiguration;
			buildSettings = {
				ALWAYS_SEARCH_USER_PATHS = NO;
				CLANG_ANALYZER_NONNULL = YES;
				CLANG_ANALYZER_NUMBER_OBJECT_CONVERSION = YES_AGGRESSIVE;
				CLANG_CXX_LANGUAGE_STANDARD = "gnu++14";
				CLANG_CXX_LIBRARY = "libc++";
				CLANG_ENABLE_MODULES = YES;
				CLANG_ENABLE_OBJC_ARC = YES;
				CLANG_ENABLE_OBJC_WEAK = YES;
				CLANG_WARN_BLOCK_CAPTURE_AUTORELEASING = YES;
				CLANG_WARN_BOOL_CONVERSION = YES;
				CLANG_WARN_COMMA = YES;
				CLANG_WARN_CONSTANT_CONVERSION = YES;
				CLANG_WARN_DEPRECATED_OBJC_IMPLEMENTATIONS = YES;
				CLANG_WARN_DIRECT_OBJC_ISA_USAGE = YES_ERROR;
				CLANG_WARN_DOCUMENTATION_COMMENTS = YES;
				CLANG_WARN_EMPTY_BODY = YES;
				CLANG_WARN_ENUM_CONVERSION = YES;
				CLANG_WARN_INFINITE_RECURSION = YES;
				CLANG_WARN_INT_CONVERSION = YES;
				CLANG_WARN_NON_LITERAL_NULL_CONVERSION = YES;
				CLANG_WARN_OBJC_IMPLICIT_RETAIN_SELF = YES;
				CLANG_WARN_OBJC_LITERAL_CONVERSION = YES;
				CLANG_WARN_OBJC_ROOT_CLASS = YES_ERROR;
				CLANG_WARN_QUOTED_INCLUDE_IN_FRAMEWORK_HEADER = YES;
				CLANG_WARN_RANGE_LOOP_ANALYSIS = YES;
				CLANG_WARN_STRICT_PROTOTYPES = YES;
				CLANG_WARN_SUSPICIOUS_MOVE = YES;
				CLANG_WARN_UNGUARDED_AVAILABILITY = YES_AGGRESSIVE;
				CLANG_WARN_UNREACHABLE_CODE = YES;
				CLANG_WARN__DUPLICATE_METHOD_MATCH = YES;
				COPY_PHASE_STRIP = NO;
				DEBUG_INFORMATION_FORMAT = "dwarf-with-dsym";
				ENABLE_NS_ASSERTIONS = NO;
				ENABLE_STRICT_OBJC_MSGSEND = YES;
				GCC_C_LANGUAGE_STANDARD = gnu11;
				GCC_NO_COMMON_BLOCKS = YES;
				GCC_WARN_64_TO_32_BIT_CONVERSION = YES;
				GCC_WARN_ABOUT_RETURN_TYPE = YES_ERROR;
				GCC_WARN_UNDECLARED_SELECTOR = YES;
				GCC_WARN_UNINITIALIZED_AUTOS = YES_AGGRESSIVE;
				GCC_WARN_UNUSED_FUNCTION = YES;
				GCC_WARN_UNUSED_VARIABLE = YES;
				IPHONEOS_DEPLOYMENT_TARGET = 14.0;
				MTL_ENABLE_DEBUG_INFO = NO;
				MTL_FAST_MATH = YES;
				SDKROOT = iphoneos;
				SWIFT_COMPILATION_MODE = wholemodule;
				SWIFT_OPTIMIZATION_LEVEL = "-O";
				VALIDATE_PRODUCT = YES;
			};
			name = Release;
		};
		DEE1444824A2258400F8B15A /* Debug */ = {
			isa = XCBuildConfiguration;
			buildSettings = {
				ASSETCATALOG_COMPILER_APPICON_NAME = AppIcon;
				ASSETCATALOG_COMPILER_GLOBAL_ACCENT_COLOR_NAME = AccentColor;
				CODE_SIGN_ENTITLEMENTS = Ephemhelp/Ephemhelp.entitlements;
				CODE_SIGN_STYLE = Automatic;
				DEVELOPMENT_ASSET_PATHS = "\"Ephemhelp/Preview Content\"";
				DEVELOPMENT_TEAM = R9F43J8EC6;
				ENABLE_PREVIEWS = YES;
				INFOPLIST_FILE = Ephemhelp/Info.plist;
				IPHONEOS_DEPLOYMENT_TARGET = 14.0;
				LD_RUNPATH_SEARCH_PATHS = (
					"$(inherited)",
					"@executable_path/Frameworks",
				);
				PRODUCT_BUNDLE_IDENTIFIER = com.kevinvavelin.Ephemhelp;
				PRODUCT_NAME = "$(TARGET_NAME)";
				SWIFT_VERSION = 5.0;
				TARGETED_DEVICE_FAMILY = "1,2";
			};
			name = Debug;
		};
		DEE1444924A2258400F8B15A /* Release */ = {
			isa = XCBuildConfiguration;
			buildSettings = {
				ASSETCATALOG_COMPILER_APPICON_NAME = AppIcon;
				ASSETCATALOG_COMPILER_GLOBAL_ACCENT_COLOR_NAME = AccentColor;
				CODE_SIGN_ENTITLEMENTS = Ephemhelp/Ephemhelp.entitlements;
				CODE_SIGN_STYLE = Automatic;
				DEVELOPMENT_ASSET_PATHS = "\"Ephemhelp/Preview Content\"";
				DEVELOPMENT_TEAM = R9F43J8EC6;
				ENABLE_PREVIEWS = YES;
				INFOPLIST_FILE = Ephemhelp/Info.plist;
				IPHONEOS_DEPLOYMENT_TARGET = 14.0;
				LD_RUNPATH_SEARCH_PATHS = (
					"$(inherited)",
					"@executable_path/Frameworks",
				);
				PRODUCT_BUNDLE_IDENTIFIER = com.kevinvavelin.Ephemhelp;
				PRODUCT_NAME = "$(TARGET_NAME)";
				SWIFT_VERSION = 5.0;
				TARGETED_DEVICE_FAMILY = "1,2";
			};
			name = Release;
		};
		DEE1444B24A2258400F8B15A /* Debug */ = {
			isa = XCBuildConfiguration;
			buildSettings = {
				ALWAYS_EMBED_SWIFT_STANDARD_LIBRARIES = YES;
				BUNDLE_LOADER = "$(TEST_HOST)";
				CODE_SIGN_STYLE = Automatic;
				DEVELOPMENT_TEAM = R9F43J8EC6;
				INFOPLIST_FILE = EphemhelpTests/Info.plist;
				IPHONEOS_DEPLOYMENT_TARGET = 14.0;
				LD_RUNPATH_SEARCH_PATHS = (
					"$(inherited)",
					"@executable_path/Frameworks",
					"@loader_path/Frameworks",
				);
				PRODUCT_BUNDLE_IDENTIFIER = com.kevinvavelin.EphemhelpTests;
				PRODUCT_NAME = "$(TARGET_NAME)";
				SWIFT_VERSION = 5.0;
				TARGETED_DEVICE_FAMILY = "1,2";
				TEST_HOST = "$(BUILT_PRODUCTS_DIR)/Ephemhelp.app/Ephemhelp";
			};
			name = Debug;
		};
		DEE1444C24A2258400F8B15A /* Release */ = {
			isa = XCBuildConfiguration;
			buildSettings = {
				ALWAYS_EMBED_SWIFT_STANDARD_LIBRARIES = YES;
				BUNDLE_LOADER = "$(TEST_HOST)";
				CODE_SIGN_STYLE = Automatic;
				DEVELOPMENT_TEAM = R9F43J8EC6;
				INFOPLIST_FILE = EphemhelpTests/Info.plist;
				IPHONEOS_DEPLOYMENT_TARGET = 14.0;
				LD_RUNPATH_SEARCH_PATHS = (
					"$(inherited)",
					"@executable_path/Frameworks",
					"@loader_path/Frameworks",
				);
				PRODUCT_BUNDLE_IDENTIFIER = com.kevinvavelin.EphemhelpTests;
				PRODUCT_NAME = "$(TARGET_NAME)";
				SWIFT_VERSION = 5.0;
				TARGETED_DEVICE_FAMILY = "1,2";
				TEST_HOST = "$(BUILT_PRODUCTS_DIR)/Ephemhelp.app/Ephemhelp";
			};
			name = Release;
		};
		DEE1444E24A2258400F8B15A /* Debug */ = {
			isa = XCBuildConfiguration;
			buildSettings = {
				ALWAYS_EMBED_SWIFT_STANDARD_LIBRARIES = YES;
				CODE_SIGN_STYLE = Automatic;
				DEVELOPMENT_TEAM = R9F43J8EC6;
				INFOPLIST_FILE = EphemhelpUITests/Info.plist;
				LD_RUNPATH_SEARCH_PATHS = (
					"$(inherited)",
					"@executable_path/Frameworks",
					"@loader_path/Frameworks",
				);
				PRODUCT_BUNDLE_IDENTIFIER = com.kevinvavelin.EphemhelpUITests;
				PRODUCT_NAME = "$(TARGET_NAME)";
				SWIFT_VERSION = 5.0;
				TARGETED_DEVICE_FAMILY = "1,2";
				TEST_TARGET_NAME = Ephemhelp;
			};
			name = Debug;
		};
		DEE1444F24A2258400F8B15A /* Release */ = {
			isa = XCBuildConfiguration;
			buildSettings = {
				ALWAYS_EMBED_SWIFT_STANDARD_LIBRARIES = YES;
				CODE_SIGN_STYLE = Automatic;
				DEVELOPMENT_TEAM = R9F43J8EC6;
				INFOPLIST_FILE = EphemhelpUITests/Info.plist;
				LD_RUNPATH_SEARCH_PATHS = (
					"$(inherited)",
					"@executable_path/Frameworks",
					"@loader_path/Frameworks",
				);
				PRODUCT_BUNDLE_IDENTIFIER = com.kevinvavelin.EphemhelpUITests;
				PRODUCT_NAME = "$(TARGET_NAME)";
				SWIFT_VERSION = 5.0;
				TARGETED_DEVICE_FAMILY = "1,2";
				TEST_TARGET_NAME = Ephemhelp;
			};
			name = Release;
		};
/* End XCBuildConfiguration section */

/* Begin XCConfigurationList section */
		DEE1441D24A2258300F8B15A /* Build configuration list for PBXProject "Ephemhelp" */ = {
			isa = XCConfigurationList;
			buildConfigurations = (
				DEE1444524A2258400F8B15A /* Debug */,
				DEE1444624A2258400F8B15A /* Release */,
			);
			defaultConfigurationIsVisible = 0;
			defaultConfigurationName = Release;
		};
		DEE1444724A2258400F8B15A /* Build configuration list for PBXNativeTarget "Ephemhelp" */ = {
			isa = XCConfigurationList;
			buildConfigurations = (
				DEE1444824A2258400F8B15A /* Debug */,
				DEE1444924A2258400F8B15A /* Release */,
			);
			defaultConfigurationIsVisible = 0;
			defaultConfigurationName = Release;
		};
		DEE1444A24A2258400F8B15A /* Build configuration list for PBXNativeTarget "EphemhelpTests" */ = {
			isa = XCConfigurationList;
			buildConfigurations = (
				DEE1444B24A2258400F8B15A /* Debug */,
				DEE1444C24A2258400F8B15A /* Release */,
			);
			defaultConfigurationIsVisible = 0;
			defaultConfigurationName = Release;
		};
		DEE1444D24A2258400F8B15A /* Build configuration list for PBXNativeTarget "EphemhelpUITests" */ = {
			isa = XCConfigurationList;
			buildConfigurations = (
				DEE1444E24A2258400F8B15A /* Debug */,
				DEE1444F24A2258400F8B15A /* Release */,
			);
			defaultConfigurationIsVisible = 0;
			defaultConfigurationName = Release;
		};
/* End XCConfigurationList section */
	};
	rootObject = DEE1441A24A2258300F8B15A /* Project object */;
}
